
Microsoft Visual Studio Solution File, Format Version 12.00
# Visual Studio 15
VisualStudioVersion = 15.0.28307.271
MinimumVisualStudioVersion = 10.0.40219.1
Project("{FAE04EC0-301F-11D3-BF4B-00C04F79EFBC}") = "COMP123-S2019-ASSIGNMENT4-BMI_CALCULATOR", "COMP123-S2019-ASSIGNMENT4-BMI_CALCULATOR\COMP123-S2019-ASSIGNMENT4-BMI_CALCULATOR.csproj", "{F0ED41F5-E91D-4497-BD74-0D63F5FF98B8}"
EndProject
Global
	GlobalSection(SolutionConfigurationPlatforms) = preSolution
		Debug|Any CPU = Debug|Any CPU
		Release|Any CPU = Release|Any CPU
	EndGlobalSection
	GlobalSection(ProjectConfigurationPlatforms) = postSolution
		{F0ED41F5-E91D-4497-BD74-0D63F5FF98B8}.Debug|Any CPU.ActiveCfg = Debug|Any CPU
		{F0ED41F5-E91D-4497-BD74-0D63F5FF98B8}.Debug|Any CPU.Build.0 = Debug|Any CPU
		{F0ED41F5-E91D-4497-BD74-0D63F5FF98B8}.Release|Any CPU.ActiveCfg = Release|Any CPU
		{F0ED41F5-E91D-4497-BD74-0D63F5FF98B8}.Release|Any CPU.Build.0 = Release|Any CPU
	EndGlobalSection
	GlobalSection(SolutionProperties) = preSolution
		HideSolutionNode = FALSE
	EndGlobalSection
	GlobalSection(ExtensibilityGlobals) = postSolution
		SolutionGuid = {59B7F436-1A9B-4D48-A202-11F16305FA08}
	EndGlobalSection
EndGlobal
